
Microsoft Visual Studio Solution File, Format Version 12.00
# Visual Studio Version 16
VisualStudioVersion = 16.0.31410.357
MinimumVisualStudioVersion = 10.0.40219.1
Project("{9A19103F-16F7-4668-BE54-9A1E7A4F7556}") = "PowerPlantChallenge", "PowerPlantChallenge\PowerPlantChallenge.csproj", "{D3AFCCF8-2A97-4E2D-82CF-1FC48217E012}"
EndProject
Project("{FAE04EC0-301F-11D3-BF4B-00C04F79EFBC}") = "PowerPlantChallenge.Tests", "PowerPlantChallenge.Tests\PowerPlantChallenge.Tests.csproj", "{3E81C729-4B42-41DA-9FFA-036933CFC887}"
EndProject
Global
	GlobalSection(SolutionConfigurationPlatforms) = preSolution
		Debug|Any CPU = Debug|Any CPU
		Release|Any CPU = Release|Any CPU
	EndGlobalSection
	GlobalSection(ProjectConfigurationPlatforms) = postSolution
		{D3AFCCF8-2A97-4E2D-82CF-1FC48217E012}.Debug|Any CPU.ActiveCfg = Debug|Any CPU
		{D3AFCCF8-2A97-4E2D-82CF-1FC48217E012}.Debug|Any CPU.Build.0 = Debug|Any CPU
		{D3AFCCF8-2A97-4E2D-82CF-1FC48217E012}.Release|Any CPU.ActiveCfg = Release|Any CPU
		{D3AFCCF8-2A97-4E2D-82CF-1FC48217E012}.Release|Any CPU.Build.0 = Release|Any CPU
		{3E81C729-4B42-41DA-9FFA-036933CFC887}.Debug|Any CPU.ActiveCfg = Debug|Any CPU
		{3E81C729-4B42-41DA-9FFA-036933CFC887}.Debug|Any CPU.Build.0 = Debug|Any CPU
		{3E81C729-4B42-41DA-9FFA-036933CFC887}.Release|Any CPU.ActiveCfg = Release|Any CPU
		{3E81C729-4B42-41DA-9FFA-036933CFC887}.Release|Any CPU.Build.0 = Release|Any CPU
	EndGlobalSection
	GlobalSection(SolutionProperties) = preSolution
		HideSolutionNode = FALSE
	EndGlobalSection
	GlobalSection(ExtensibilityGlobals) = postSolution
		SolutionGuid = {70902244-F233-4983-BEE0-C94F2926BAB7}
	EndGlobalSection
EndGlobal
